
Microsoft Visual Studio Solution File, Format Version 12.00
# Visual Studio Version 16
VisualStudioVersion = 16.0.29806.167
MinimumVisualStudioVersion = 10.0.40219.1
Project("{8BC9CEB8-8B4A-11D0-8D11-00A0C91BC942}") = "assignment01-pairwise", "assignment01-pairwise\assignment01-pairwise.vcxproj", "{08084D48-E635-4EA1-8EAF-0906FAC1B8AE}"
EndProject
Global
	GlobalSection(SolutionConfigurationPlatforms) = preSolution
		Debug|x64 = Debug|x64
		Debug|x86 = Debug|x86
		Release|x64 = Release|x64
		Release|x86 = Release|x86
	EndGlobalSection
	GlobalSection(ProjectConfigurationPlatforms) = postSolution
		{08084D48-E635-4EA1-8EAF-0906FAC1B8AE}.Debug|x64.ActiveCfg = Debug|x64
		{08084D48-E635-4EA1-8EAF-0906FAC1B8AE}.Debug|x64.Build.0 = Debug|x64
		{08084D48-E635-4EA1-8EAF-0906FAC1B8AE}.Debug|x86.ActiveCfg = Debug|Win32
		{08084D48-E635-4EA1-8EAF-0906FAC1B8AE}.Debug|x86.Build.0 = Debug|Win32
		{08084D48-E635-4EA1-8EAF-0906FAC1B8AE}.Release|x64.ActiveCfg = Release|x64
		{08084D48-E635-4EA1-8EAF-0906FAC1B8AE}.Release|x64.Build.0 = Release|x64
		{08084D48-E635-4EA1-8EAF-0906FAC1B8AE}.Release|x86.ActiveCfg = Release|Win32
		{08084D48-E635-4EA1-8EAF-0906FAC1B8AE}.Release|x86.Build.0 = Release|Win32
	EndGlobalSection
	GlobalSection(SolutionProperties) = preSolution
		HideSolutionNode = FALSE
	EndGlobalSection
	GlobalSection(ExtensibilityGlobals) = postSolution
		SolutionGuid = {2CEDFEA2-E73D-42A5-BDF4-76B37C814EDE}
	EndGlobalSection
EndGlobal
